
Microsoft Visual Studio Solution File, Format Version 12.00
# Visual Studio Version 16
VisualStudioVersion = 16.0.30621.155
MinimumVisualStudioVersion = 10.0.40219.1
Project("{FAE04EC0-301F-11D3-BF4B-00C04F79EFBC}") = "FriMav.Client", "Client\FriMav.Client.csproj", "{2B68DB66-F2B1-4FFD-9A63-EAA786CA4B87}"
EndProject
Project("{2150E333-8FDC-42A3-9474-1A3956D46DE8}") = "Presentation", "Presentation", "{141DE9F3-A433-4AC4-A176-A4305E5CAA23}"
EndProject
Project("{2150E333-8FDC-42A3-9474-1A3956D46DE8}") = "Core", "Core", "{5AA1643E-4CD5-4B6E-95C9-2716434F8E34}"
EndProject
Project("{FAE04EC0-301F-11D3-BF4B-00C04F79EFBC}") = "FriMav.Domain", "Domain\FriMav.Domain.csproj", "{9638BA74-6730-4B5C-9950-CCDDC5017C52}"
EndProject
Project("{FAE04EC0-301F-11D3-BF4B-00C04F79EFBC}") = "FriMav.Infrastructure", "Infrastructure\FriMav.Infrastructure.csproj", "{F4995477-9686-48D1-B435-78C8FBFF7731}"
EndProject
Project("{FAE04EC0-301F-11D3-BF4B-00C04F79EFBC}") = "FriMav.Application", "Application\FriMav.Application.csproj", "{6B6B40E0-9829-4151-8DF2-4D983065E03A}"
EndProject
Project("{FAE04EC0-301F-11D3-BF4B-00C04F79EFBC}") = "FriMav.Delivery", "FriMav.Delivery\FriMav.Delivery.csproj", "{A9BC4D6A-EC78-4044-AC6D-D447C04B782C}"
EndProject
Global
	GlobalSection(SolutionConfigurationPlatforms) = preSolution
		Debug|Any CPU = Debug|Any CPU
		Debug|x86 = Debug|x86
		Release|Any CPU = Release|Any CPU
		Release|x86 = Release|x86
	EndGlobalSection
	GlobalSection(ProjectConfigurationPlatforms) = postSolution
		{2B68DB66-F2B1-4FFD-9A63-EAA786CA4B87}.Debug|Any CPU.ActiveCfg = Debug|Any CPU
		{2B68DB66-F2B1-4FFD-9A63-EAA786CA4B87}.Debug|Any CPU.Build.0 = Debug|Any CPU
		{2B68DB66-F2B1-4FFD-9A63-EAA786CA4B87}.Debug|x86.ActiveCfg = Debug|x86
		{2B68DB66-F2B1-4FFD-9A63-EAA786CA4B87}.Debug|x86.Build.0 = Debug|x86
		{2B68DB66-F2B1-4FFD-9A63-EAA786CA4B87}.Release|Any CPU.ActiveCfg = Release|Any CPU
		{2B68DB66-F2B1-4FFD-9A63-EAA786CA4B87}.Release|Any CPU.Build.0 = Release|Any CPU
		{2B68DB66-F2B1-4FFD-9A63-EAA786CA4B87}.Release|x86.ActiveCfg = Release|x86
		{2B68DB66-F2B1-4FFD-9A63-EAA786CA4B87}.Release|x86.Build.0 = Release|x86
		{9638BA74-6730-4B5C-9950-CCDDC5017C52}.Debug|Any CPU.ActiveCfg = Debug|Any CPU
		{9638BA74-6730-4B5C-9950-CCDDC5017C52}.Debug|Any CPU.Build.0 = Debug|Any CPU
		{9638BA74-6730-4B5C-9950-CCDDC5017C52}.Debug|x86.ActiveCfg = Debug|Any CPU
		{9638BA74-6730-4B5C-9950-CCDDC5017C52}.Debug|x86.Build.0 = Debug|Any CPU
		{9638BA74-6730-4B5C-9950-CCDDC5017C52}.Release|Any CPU.ActiveCfg = Release|Any CPU
		{9638BA74-6730-4B5C-9950-CCDDC5017C52}.Release|Any CPU.Build.0 = Release|Any CPU
		{9638BA74-6730-4B5C-9950-CCDDC5017C52}.Release|x86.ActiveCfg = Release|Any CPU
		{9638BA74-6730-4B5C-9950-CCDDC5017C52}.Release|x86.Build.0 = Release|Any CPU
		{F4995477-9686-48D1-B435-78C8FBFF7731}.Debug|Any CPU.ActiveCfg = Debug|Any CPU
		{F4995477-9686-48D1-B435-78C8FBFF7731}.Debug|Any CPU.Build.0 = Debug|Any CPU
		{F4995477-9686-48D1-B435-78C8FBFF7731}.Debug|x86.ActiveCfg = Debug|Any CPU
		{F4995477-9686-48D1-B435-78C8FBFF7731}.Debug|x86.Build.0 = Debug|Any CPU
		{F4995477-9686-48D1-B435-78C8FBFF7731}.Release|Any CPU.ActiveCfg = Release|Any CPU
		{F4995477-9686-48D1-B435-78C8FBFF7731}.Release|Any CPU.Build.0 = Release|Any CPU
		{F4995477-9686-48D1-B435-78C8FBFF7731}.Release|x86.ActiveCfg = Release|Any CPU
		{F4995477-9686-48D1-B435-78C8FBFF7731}.Release|x86.Build.0 = Release|Any CPU
		{6B6B40E0-9829-4151-8DF2-4D983065E03A}.Debug|Any CPU.ActiveCfg = Debug|Any CPU
		{6B6B40E0-9829-4151-8DF2-4D983065E03A}.Debug|Any CPU.Build.0 = Debug|Any CPU
		{6B6B40E0-9829-4151-8DF2-4D983065E03A}.Debug|x86.ActiveCfg = Debug|Any CPU
		{6B6B40E0-9829-4151-8DF2-4D983065E03A}.Debug|x86.Build.0 = Debug|Any CPU
		{6B6B40E0-9829-4151-8DF2-4D983065E03A}.Release|Any CPU.ActiveCfg = Release|Any CPU
		{6B6B40E0-9829-4151-8DF2-4D983065E03A}.Release|Any CPU.Build.0 = Release|Any CPU
		{6B6B40E0-9829-4151-8DF2-4D983065E03A}.Release|x86.ActiveCfg = Release|Any CPU
		{6B6B40E0-9829-4151-8DF2-4D983065E03A}.Release|x86.Build.0 = Release|Any CPU
		{A9BC4D6A-EC78-4044-AC6D-D447C04B782C}.Debug|Any CPU.ActiveCfg = Debug|Any CPU
		{A9BC4D6A-EC78-4044-AC6D-D447C04B782C}.Debug|Any CPU.Build.0 = Debug|Any CPU
		{A9BC4D6A-EC78-4044-AC6D-D447C04B782C}.Debug|x86.ActiveCfg = Debug|Any CPU
		{A9BC4D6A-EC78-4044-AC6D-D447C04B782C}.Debug|x86.Build.0 = Debug|Any CPU
		{A9BC4D6A-EC78-4044-AC6D-D447C04B782C}.Release|Any CPU.ActiveCfg = Release|Any CPU
		{A9BC4D6A-EC78-4044-AC6D-D447C04B782C}.Release|Any CPU.Build.0 = Release|Any CPU
		{A9BC4D6A-EC78-4044-AC6D-D447C04B782C}.Release|x86.ActiveCfg = Release|Any CPU
		{A9BC4D6A-EC78-4044-AC6D-D447C04B782C}.Release|x86.Build.0 = Release|Any CPU
	EndGlobalSection
	GlobalSection(SolutionProperties) = preSolution
		HideSolutionNode = FALSE
	EndGlobalSection
	GlobalSection(NestedProjects) = preSolution
		{2B68DB66-F2B1-4FFD-9A63-EAA786CA4B87} = {141DE9F3-A433-4AC4-A176-A4305E5CAA23}
		{9638BA74-6730-4B5C-9950-CCDDC5017C52} = {5AA1643E-4CD5-4B6E-95C9-2716434F8E34}
		{F4995477-9686-48D1-B435-78C8FBFF7731} = {5AA1643E-4CD5-4B6E-95C9-2716434F8E34}
		{6B6B40E0-9829-4151-8DF2-4D983065E03A} = {5AA1643E-4CD5-4B6E-95C9-2716434F8E34}
		{A9BC4D6A-EC78-4044-AC6D-D447C04B782C} = {141DE9F3-A433-4AC4-A176-A4305E5CAA23}
	EndGlobalSection
	GlobalSection(ExtensibilityGlobals) = postSolution
		SolutionGuid = {ACFCD7E6-5F68-4425-805B-95E6346484C7}
	EndGlobalSection
EndGlobal
